
Microsoft Visual Studio Solution File, Format Version 12.00
# Visual Studio Version 17
VisualStudioVersion = 17.5.33516.290
MinimumVisualStudioVersion = 10.0.40219.1
Project("{FAE04EC0-301F-11D3-BF4B-00C04F79EFBC}") = "MvcMovie", "MvcMovie\MvcMovie.csproj", "{3AA0AE7C-208E-4F9D-919D-6A73C3E1280C}"
EndProject
Global
	GlobalSection(SolutionConfigurationPlatforms) = preSolution
		Debug|Any CPU = Debug|Any CPU
		Release|Any CPU = Release|Any CPU
	EndGlobalSection
	GlobalSection(ProjectConfigurationPlatforms) = postSolution
		{3AA0AE7C-208E-4F9D-919D-6A73C3E1280C}.Debug|Any CPU.ActiveCfg = Debug|Any CPU
		{3AA0AE7C-208E-4F9D-919D-6A73C3E1280C}.Debug|Any CPU.Build.0 = Debug|Any CPU
		{3AA0AE7C-208E-4F9D-919D-6A73C3E1280C}.Release|Any CPU.ActiveCfg = Release|Any CPU
		{3AA0AE7C-208E-4F9D-919D-6A73C3E1280C}.Release|Any CPU.Build.0 = Release|Any CPU
	EndGlobalSection
	GlobalSection(SolutionProperties) = preSolution
		HideSolutionNode = FALSE
	EndGlobalSection
	GlobalSection(ExtensibilityGlobals) = postSolution
		SolutionGuid = {E78E3B6D-69A3-4E1E-87F3-CBEC63FAFB5C}
	EndGlobalSection
EndGlobal
